
Microsoft Visual Studio Solution File, Format Version 12.00
# Visual Studio Version 17
VisualStudioVersion = 17.8.34525.116
MinimumVisualStudioVersion = 10.0.40219.1
Project("{9A19103F-16F7-4668-BE54-9A1E7A4F7556}") = "TangyWeb_Server", "TangyWeb_Server\TangyWeb_Server.csproj", "{ABB94B71-A6ED-44F8-9689-2E517D37A990}"
EndProject
Project("{9A19103F-16F7-4668-BE54-9A1E7A4F7556}") = "BlazorWeb_Client", "BlazorWeb_Client\BlazorWeb_Client.csproj", "{70F9BC33-1835-4FCB-92C2-E8F55D8D2EDF}"
EndProject
Project("{FAE04EC0-301F-11D3-BF4B-00C04F79EFBC}") = "Tangy_Models", "Tangy_Models\Tangy_Models.csproj", "{181C51DB-69DF-4615-B37F-457C397E38BA}"
EndProject
Project("{FAE04EC0-301F-11D3-BF4B-00C04F79EFBC}") = "Tangy_Business", "Tangy_Business\Tangy_Business.csproj", "{E6F0413F-5C8D-44FE-9092-7C7DA3E6787C}"
EndProject
Project("{FAE04EC0-301F-11D3-BF4B-00C04F79EFBC}") = "Tangy_Common", "Tangy_Common\Tangy_Common.csproj", "{C6717AAB-8F4C-470B-B397-F0EC198B2993}"
EndProject
Project("{FAE04EC0-301F-11D3-BF4B-00C04F79EFBC}") = "Tangy_DataAccess", "Tangy_DataAccess\Tangy_DataAccess.csproj", "{2F82405D-FE0B-4E19-A0F6-8F9412FCCB83}"
EndProject
Global
	GlobalSection(SolutionConfigurationPlatforms) = preSolution
		Debug|Any CPU = Debug|Any CPU
		Release|Any CPU = Release|Any CPU
	EndGlobalSection
	GlobalSection(ProjectConfigurationPlatforms) = postSolution
		{ABB94B71-A6ED-44F8-9689-2E517D37A990}.Debug|Any CPU.ActiveCfg = Debug|Any CPU
		{ABB94B71-A6ED-44F8-9689-2E517D37A990}.Debug|Any CPU.Build.0 = Debug|Any CPU
		{ABB94B71-A6ED-44F8-9689-2E517D37A990}.Release|Any CPU.ActiveCfg = Release|Any CPU
		{ABB94B71-A6ED-44F8-9689-2E517D37A990}.Release|Any CPU.Build.0 = Release|Any CPU
		{70F9BC33-1835-4FCB-92C2-E8F55D8D2EDF}.Debug|Any CPU.ActiveCfg = Debug|Any CPU
		{70F9BC33-1835-4FCB-92C2-E8F55D8D2EDF}.Debug|Any CPU.Build.0 = Debug|Any CPU
		{70F9BC33-1835-4FCB-92C2-E8F55D8D2EDF}.Release|Any CPU.ActiveCfg = Release|Any CPU
		{70F9BC33-1835-4FCB-92C2-E8F55D8D2EDF}.Release|Any CPU.Build.0 = Release|Any CPU
		{181C51DB-69DF-4615-B37F-457C397E38BA}.Debug|Any CPU.ActiveCfg = Debug|Any CPU
		{181C51DB-69DF-4615-B37F-457C397E38BA}.Debug|Any CPU.Build.0 = Debug|Any CPU
		{181C51DB-69DF-4615-B37F-457C397E38BA}.Release|Any CPU.ActiveCfg = Release|Any CPU
		{181C51DB-69DF-4615-B37F-457C397E38BA}.Release|Any CPU.Build.0 = Release|Any CPU
		{E6F0413F-5C8D-44FE-9092-7C7DA3E6787C}.Debug|Any CPU.ActiveCfg = Debug|Any CPU
		{E6F0413F-5C8D-44FE-9092-7C7DA3E6787C}.Debug|Any CPU.Build.0 = Debug|Any CPU
		{E6F0413F-5C8D-44FE-9092-7C7DA3E6787C}.Release|Any CPU.ActiveCfg = Release|Any CPU
		{E6F0413F-5C8D-44FE-9092-7C7DA3E6787C}.Release|Any CPU.Build.0 = Release|Any CPU
		{C6717AAB-8F4C-470B-B397-F0EC198B2993}.Debug|Any CPU.ActiveCfg = Debug|Any CPU
		{C6717AAB-8F4C-470B-B397-F0EC198B2993}.Debug|Any CPU.Build.0 = Debug|Any CPU
		{C6717AAB-8F4C-470B-B397-F0EC198B2993}.Release|Any CPU.ActiveCfg = Release|Any CPU
		{C6717AAB-8F4C-470B-B397-F0EC198B2993}.Release|Any CPU.Build.0 = Release|Any CPU
		{2F82405D-FE0B-4E19-A0F6-8F9412FCCB83}.Debug|Any CPU.ActiveCfg = Debug|Any CPU
		{2F82405D-FE0B-4E19-A0F6-8F9412FCCB83}.Debug|Any CPU.Build.0 = Debug|Any CPU
		{2F82405D-FE0B-4E19-A0F6-8F9412FCCB83}.Release|Any CPU.ActiveCfg = Release|Any CPU
		{2F82405D-FE0B-4E19-A0F6-8F9412FCCB83}.Release|Any CPU.Build.0 = Release|Any CPU
	EndGlobalSection
	GlobalSection(SolutionProperties) = preSolution
		HideSolutionNode = FALSE
	EndGlobalSection
	GlobalSection(ExtensibilityGlobals) = postSolution
		SolutionGuid = {921DE0EE-A694-44FE-ADF0-2320F6714977}
	EndGlobalSection
EndGlobal
